
Microsoft Visual Studio Solution File, Format Version 12.00
# Visual Studio Version 16
VisualStudioVersion = 16.0.29020.237
MinimumVisualStudioVersion = 10.0.40219.1
Project("{FAE04EC0-301F-11D3-BF4B-00C04F79EFBC}") = "AplicacionGrafos.Client", "AplicacionGrafos.Client\AplicacionGrafos.Client.csproj", "{C4D6FD99-4704-41F9-A7F8-C2DCFBBC6C82}"
EndProject
Project("{FAE04EC0-301F-11D3-BF4B-00C04F79EFBC}") = "AplicacionGrafos.Model", "AplicacionGrafos.Model\AplicacionGrafos.Model.csproj", "{C87C8339-CD45-4C4D-9C43-A5F1173669C5}"
EndProject
Project("{FAE04EC0-301F-11D3-BF4B-00C04F79EFBC}") = "AplicacionGrafos.Business", "AplicacionGrafos.Business\AplicacionGrafos.Business.csproj", "{11689DAF-8616-4345-AF78-BB72CB95297E}"
EndProject
Project("{FAE04EC0-301F-11D3-BF4B-00C04F79EFBC}") = "AplicacionGrafos.Transaction", "AplicacionGrafos.Transaction\AplicacionGrafos.Transaction.csproj", "{2B5B56C7-E74B-4DA9-8C95-61FB36494AFC}"
EndProject
Global
	GlobalSection(SolutionConfigurationPlatforms) = preSolution
		Debug|Any CPU = Debug|Any CPU
		Release|Any CPU = Release|Any CPU
	EndGlobalSection
	GlobalSection(ProjectConfigurationPlatforms) = postSolution
		{C4D6FD99-4704-41F9-A7F8-C2DCFBBC6C82}.Debug|Any CPU.ActiveCfg = Debug|Any CPU
		{C4D6FD99-4704-41F9-A7F8-C2DCFBBC6C82}.Debug|Any CPU.Build.0 = Debug|Any CPU
		{C4D6FD99-4704-41F9-A7F8-C2DCFBBC6C82}.Release|Any CPU.ActiveCfg = Release|Any CPU
		{C4D6FD99-4704-41F9-A7F8-C2DCFBBC6C82}.Release|Any CPU.Build.0 = Release|Any CPU
		{C87C8339-CD45-4C4D-9C43-A5F1173669C5}.Debug|Any CPU.ActiveCfg = Debug|Any CPU
		{C87C8339-CD45-4C4D-9C43-A5F1173669C5}.Debug|Any CPU.Build.0 = Debug|Any CPU
		{C87C8339-CD45-4C4D-9C43-A5F1173669C5}.Release|Any CPU.ActiveCfg = Release|Any CPU
		{C87C8339-CD45-4C4D-9C43-A5F1173669C5}.Release|Any CPU.Build.0 = Release|Any CPU
		{11689DAF-8616-4345-AF78-BB72CB95297E}.Debug|Any CPU.ActiveCfg = Debug|Any CPU
		{11689DAF-8616-4345-AF78-BB72CB95297E}.Debug|Any CPU.Build.0 = Debug|Any CPU
		{11689DAF-8616-4345-AF78-BB72CB95297E}.Release|Any CPU.ActiveCfg = Release|Any CPU
		{11689DAF-8616-4345-AF78-BB72CB95297E}.Release|Any CPU.Build.0 = Release|Any CPU
		{2B5B56C7-E74B-4DA9-8C95-61FB36494AFC}.Debug|Any CPU.ActiveCfg = Debug|Any CPU
		{2B5B56C7-E74B-4DA9-8C95-61FB36494AFC}.Debug|Any CPU.Build.0 = Debug|Any CPU
		{2B5B56C7-E74B-4DA9-8C95-61FB36494AFC}.Release|Any CPU.ActiveCfg = Release|Any CPU
		{2B5B56C7-E74B-4DA9-8C95-61FB36494AFC}.Release|Any CPU.Build.0 = Release|Any CPU
	EndGlobalSection
	GlobalSection(SolutionProperties) = preSolution
		HideSolutionNode = FALSE
	EndGlobalSection
	GlobalSection(ExtensibilityGlobals) = postSolution
		SolutionGuid = {5616CB1F-D675-470E-833C-7AA4D01894C4}
	EndGlobalSection
EndGlobal
